
Microsoft Visual Studio Solution File, Format Version 12.00
# Visual Studio Version 16
VisualStudioVersion = 16.0.31624.102
MinimumVisualStudioVersion = 10.0.40219.1
Project("{9A19103F-16F7-4668-BE54-9A1E7A4F7556}") = "FirstLabSecondSem", "FirstLabSecondSem\FirstLabSecondSem.csproj", "{722225C6-BA48-4857-8006-1E7F72A0A37B}"
EndProject
Global
	GlobalSection(SolutionConfigurationPlatforms) = preSolution
		Debug|Any CPU = Debug|Any CPU
		Release|Any CPU = Release|Any CPU
	EndGlobalSection
	GlobalSection(ProjectConfigurationPlatforms) = postSolution
		{722225C6-BA48-4857-8006-1E7F72A0A37B}.Debug|Any CPU.ActiveCfg = Debug|Any CPU
		{722225C6-BA48-4857-8006-1E7F72A0A37B}.Debug|Any CPU.Build.0 = Debug|Any CPU
		{722225C6-BA48-4857-8006-1E7F72A0A37B}.Release|Any CPU.ActiveCfg = Release|Any CPU
		{722225C6-BA48-4857-8006-1E7F72A0A37B}.Release|Any CPU.Build.0 = Release|Any CPU
	EndGlobalSection
	GlobalSection(SolutionProperties) = preSolution
		HideSolutionNode = FALSE
	EndGlobalSection
	GlobalSection(ExtensibilityGlobals) = postSolution
		SolutionGuid = {C8108FB0-01C9-414C-96D6-488A12C8D704}
	EndGlobalSection
EndGlobal
